
Microsoft Visual Studio Solution File, Format Version 12.00
# Visual Studio 14
VisualStudioVersion = 14.0.25420.1
MinimumVisualStudioVersion = 10.0.40219.1
Project("{FAE04EC0-301F-11D3-BF4B-00C04F79EFBC}") = "PIP_LCMP.WebApi", "PIP_LCMP.WebApi\PIP_LCMP.WebApi.csproj", "{5A4D1C5C-95EB-45BD-8279-A173D94D0F7C}"
EndProject
Project("{FAE04EC0-301F-11D3-BF4B-00C04F79EFBC}") = "PIP_LCMP.Service", "PIP_LCMP.Service\PIP_LCMP.Service.csproj", "{42D16BC2-A1C5-45EA-9A6A-77F159D0D64C}"
EndProject
Project("{FAE04EC0-301F-11D3-BF4B-00C04F79EFBC}") = "PIP_LCMP.BusinessModel", "PIP_LCMP.BusinessModel\PIP_LCMP.BusinessModel.csproj", "{EBA4DB70-C19D-4601-8A0D-2FA8045CB961}"
EndProject
Project("{FAE04EC0-301F-11D3-BF4B-00C04F79EFBC}") = "PIP_LCMP.Data", "PIP_LCMP.Data\PIP_LCMP.Data.csproj", "{46E971B7-F123-45E2-BAF5-A7B2CA0D10C2}"
EndProject
Project("{FAE04EC0-301F-11D3-BF4B-00C04F79EFBC}") = "PIP_LCMP.Utilities", "PIP_LCMP.Utilities\PIP_LCMP.Utilities.csproj", "{4029219E-A04E-46FF-A8C0-60A01C7C8371}"
EndProject
Project("{FAE04EC0-301F-11D3-BF4B-00C04F79EFBC}") = "PIP_LCMP.Repository", "PIP_LCMP.Repository\PIP_LCMP.Repository.csproj", "{E548CC8A-7E13-4B10-BC94-A6D4E0F1C666}"
EndProject
Project("{FAE04EC0-301F-11D3-BF4B-00C04F79EFBC}") = "PIP_LCMP.Authorization", "PIP_LCMP.Authorization\PIP_LCMP.Authorization.csproj", "{0783E73F-3EE4-41D5-983E-BA67BC413D5F}"
EndProject
Global
	GlobalSection(SolutionConfigurationPlatforms) = preSolution
		Debug|Any CPU = Debug|Any CPU
		Release|Any CPU = Release|Any CPU
	EndGlobalSection
	GlobalSection(ProjectConfigurationPlatforms) = postSolution
		{5A4D1C5C-95EB-45BD-8279-A173D94D0F7C}.Debug|Any CPU.ActiveCfg = Debug|Any CPU
		{5A4D1C5C-95EB-45BD-8279-A173D94D0F7C}.Debug|Any CPU.Build.0 = Debug|Any CPU
		{5A4D1C5C-95EB-45BD-8279-A173D94D0F7C}.Release|Any CPU.ActiveCfg = Release|Any CPU
		{5A4D1C5C-95EB-45BD-8279-A173D94D0F7C}.Release|Any CPU.Build.0 = Release|Any CPU
		{42D16BC2-A1C5-45EA-9A6A-77F159D0D64C}.Debug|Any CPU.ActiveCfg = Debug|Any CPU
		{42D16BC2-A1C5-45EA-9A6A-77F159D0D64C}.Debug|Any CPU.Build.0 = Debug|Any CPU
		{42D16BC2-A1C5-45EA-9A6A-77F159D0D64C}.Release|Any CPU.ActiveCfg = Release|Any CPU
		{42D16BC2-A1C5-45EA-9A6A-77F159D0D64C}.Release|Any CPU.Build.0 = Release|Any CPU
		{EBA4DB70-C19D-4601-8A0D-2FA8045CB961}.Debug|Any CPU.ActiveCfg = Debug|Any CPU
		{EBA4DB70-C19D-4601-8A0D-2FA8045CB961}.Debug|Any CPU.Build.0 = Debug|Any CPU
		{EBA4DB70-C19D-4601-8A0D-2FA8045CB961}.Release|Any CPU.ActiveCfg = Release|Any CPU
		{EBA4DB70-C19D-4601-8A0D-2FA8045CB961}.Release|Any CPU.Build.0 = Release|Any CPU
		{46E971B7-F123-45E2-BAF5-A7B2CA0D10C2}.Debug|Any CPU.ActiveCfg = Debug|Any CPU
		{46E971B7-F123-45E2-BAF5-A7B2CA0D10C2}.Debug|Any CPU.Build.0 = Debug|Any CPU
		{46E971B7-F123-45E2-BAF5-A7B2CA0D10C2}.Release|Any CPU.ActiveCfg = Release|Any CPU
		{46E971B7-F123-45E2-BAF5-A7B2CA0D10C2}.Release|Any CPU.Build.0 = Release|Any CPU
		{4029219E-A04E-46FF-A8C0-60A01C7C8371}.Debug|Any CPU.ActiveCfg = Debug|Any CPU
		{4029219E-A04E-46FF-A8C0-60A01C7C8371}.Debug|Any CPU.Build.0 = Debug|Any CPU
		{4029219E-A04E-46FF-A8C0-60A01C7C8371}.Release|Any CPU.ActiveCfg = Release|Any CPU
		{4029219E-A04E-46FF-A8C0-60A01C7C8371}.Release|Any CPU.Build.0 = Release|Any CPU
		{E548CC8A-7E13-4B10-BC94-A6D4E0F1C666}.Debug|Any CPU.ActiveCfg = Debug|Any CPU
		{E548CC8A-7E13-4B10-BC94-A6D4E0F1C666}.Debug|Any CPU.Build.0 = Debug|Any CPU
		{E548CC8A-7E13-4B10-BC94-A6D4E0F1C666}.Release|Any CPU.ActiveCfg = Release|Any CPU
		{E548CC8A-7E13-4B10-BC94-A6D4E0F1C666}.Release|Any CPU.Build.0 = Release|Any CPU
		{0783E73F-3EE4-41D5-983E-BA67BC413D5F}.Debug|Any CPU.ActiveCfg = Debug|Any CPU
		{0783E73F-3EE4-41D5-983E-BA67BC413D5F}.Debug|Any CPU.Build.0 = Debug|Any CPU
		{0783E73F-3EE4-41D5-983E-BA67BC413D5F}.Release|Any CPU.ActiveCfg = Release|Any CPU
		{0783E73F-3EE4-41D5-983E-BA67BC413D5F}.Release|Any CPU.Build.0 = Release|Any CPU
	EndGlobalSection
	GlobalSection(SolutionProperties) = preSolution
		HideSolutionNode = FALSE
	EndGlobalSection
EndGlobal
